
Microsoft Visual Studio Solution File, Format Version 12.00
# Visual Studio Version 17
VisualStudioVersion = 17.14.36429.23
MinimumVisualStudioVersion = 10.0.40219.1
Project("{2150E333-8FDC-42A3-9474-1A3956D46DE8}") = "Task 0", "Task 0", "{02EA681E-C7D8-13C7-8484-4AC65E1B71E8}"
EndProject
Project("{FAE04EC0-301F-11D3-BF4B-00C04F79EFBC}") = "Tyuiu.MakarovAY.Sprint0.Task0.V0", "Tyuiu.MakarovAY.Sprint0.Task0.V0\Tyuiu.MakarovAY.Sprint0.Task0.V0.csproj", "{7E544743-5BA9-43F9-A2C6-CEADB7DCF983}"
EndProject
Project("{2150E333-8FDC-42A3-9474-1A3956D46DE8}") = "Task1", "Task1", "{C06E1326-8DA5-4CBB-AA77-B628DDEF0DF3}"
EndProject
Project("{FAE04EC0-301F-11D3-BF4B-00C04F79EFBC}") = "Tyuiu.MakarovAY.Sprint0.Task1.V0", "Tyuiu.MakarovAY.Sprint0.Task1.V0\Tyuiu.MakarovAY.Sprint0.Task1.V0.csproj", "{5F137DBF-6545-4DDF-BE59-B96E63C3FA22}"
EndProject
Project("{2150E333-8FDC-42A3-9474-1A3956D46DE8}") = "Task2", "Task2", "{7718B190-671A-46B2-B6C3-8D63E4F824B7}"
EndProject
Project("{FAE04EC0-301F-11D3-BF4B-00C04F79EFBC}") = "Tyuiu.MakarovAY.Sprint0.Task2.V0", "Tyuiu.MakarovAY.Sprint0.Task2.V0\Tyuiu.MakarovAY.Sprint0.Task2.V0.csproj", "{65F54762-168E-46F8-999D-FC4E5C747ADE}"
EndProject
Project("{FAE04EC0-301F-11D3-BF4B-00C04F79EFBC}") = "Tyuiu.MakarovAY.Sprint0.Task2.V0.Lib", "Tyuiu.MakarovAY.Sprint0.Task2.V0.Lib\Tyuiu.MakarovAY.Sprint0.Task2.V0.Lib.csproj", "{594BCF3D-3CA3-4C1A-B371-C2B3C10E465A}"
EndProject
Project("{FAE04EC0-301F-11D3-BF4B-00C04F79EFBC}") = "Tyuiu.MakarovAY.Sprint0.Task2.V0.Test", "Tyuiu.MakarovAY.Sprint0.Task2.V0.Test\Tyuiu.MakarovAY.Sprint0.Task2.V0.Test.csproj", "{08295E60-A7EE-4AE3-AC9B-CEE52972C3DC}"
EndProject
Project("{2150E333-8FDC-42A3-9474-1A3956D46DE8}") = "Task3", "Task3", "{A4C27D90-C8FC-4795-8A0F-E0AE4EF29FC1}"
EndProject
Project("{FAE04EC0-301F-11D3-BF4B-00C04F79EFBC}") = "Tyuiu.MakarovAY.Sprint0.Task3.V0", "Tyuiu.MakarovAY.Sprint0.Task3.V0\Tyuiu.MakarovAY.Sprint0.Task3.V0.csproj", "{C23170A8-B6C5-4092-9782-E0E5FA420FAC}"
EndProject
Project("{FAE04EC0-301F-11D3-BF4B-00C04F79EFBC}") = "Tyuiu.MakarovAY.Sprint0.Task3.V0.Lib", "Tyuiu.akarovAY.Sprint0.Task3.V0.Lib\Tyuiu.MakarovAY.Sprint0.Task3.V0.Lib.csproj", "{F0FE01DF-C7BF-49A8-966C-79629809753A}"
EndProject
Project("{FAE04EC0-301F-11D3-BF4B-00C04F79EFBC}") = "Tyuiu.MakarovAY.Sprint0.Task3.V0.Test", "Tyuiu.MakarovAY.Sprint0.Task3.V0.Test\Tyuiu.MakarovAY.Sprint0.Task3.V0.Test.csproj", "{74CB4B4E-2558-4ADA-9602-ADF29212E398}"
EndProject
Project("{2150E333-8FDC-42A3-9474-1A3956D46DE8}") = "Task 4", "Task 4", "{78144FBD-3A41-4939-A26F-3574BC3CAA4C}"
EndProject
Project("{FAE04EC0-301F-11D3-BF4B-00C04F79EFBC}") = "Tyuiu.MakarovAY.Sprint0.Task4.V0.Test", "Tyuiu.MakarovAY.Sprint0.Task4.V0.Test\Tyuiu.MakarovAY.Sprint0.Task4.V0.Test.csproj", "{892754CE-FC69-47C6-A31B-35A90BAC4B11}"
EndProject
Project("{FAE04EC0-301F-11D3-BF4B-00C04F79EFBC}") = "Tyuiu.MakarovAY.Sprint0.Task4.V0", "Tyuiu.MakarovAY.Sprint0.Task4.V0\Tyuiu.MakarovAY.Sprint0.Task4.V0.csproj", "{448CDDEC-DD71-4AC5-9964-EE22A4D0304A}"
EndProject
Project("{FAE04EC0-301F-11D3-BF4B-00C04F79EFBC}") = "Tyuiu.MakarovAY.Sprint0.Task4.V0.Lib", "Tyuiu.MakarovAY.Sprint0.Task4.V0.Lib\Tyuiu.MakarovAY.Sprint0.Task4.V0.Lib.csproj", "{B1584036-C81F-40D7-A230-74FBCACD9107}"
EndProject
Project("{2150E333-8FDC-42A3-9474-1A3956D46DE8}") = "Task5", "Task5", "{E864DFDA-0502-4A32-8029-C9B272BFFFD2}"
EndProject
Project("{FAE04EC0-301F-11D3-BF4B-00C04F79EFBC}") = "Tyuiu.MakarovAY.Sprint0.Task5.V0", "Tyuiu.MakarovAY.Sprint0.Task5.V0\Tyuiu.MakarovAY.Sprint0.Task5.V0.csproj", "{0FCA8D7B-66B0-4B1A-97FC-707A9A95B1BD}"
EndProject
Project("{FAE04EC0-301F-11D3-BF4B-00C04F79EFBC}") = "Tyuiu.MakarovAY.Sprint0.Task5.V0.Lib", "Tyuiu.MakarovAY.Sprint0.Task5.V0.Lib\Tyuiu.MakarovAY.Sprint0.Task5.V0.Lib.csproj", "{A392CAAE-25AA-40B3-8221-0BA0E30B2E90}"
EndProject
Project("{FAE04EC0-301F-11D3-BF4B-00C04F79EFBC}") = "Tyuiu.MakarovAY.Sprint0.Task5.V0.Test", "Tyuiu.MakarovAY.Sprint0.Task5.V0.Test\Tyuiu.MakarovAY.Sprint0.Task5.V0.Test.csproj", "{EDA95D69-5749-4141-A11C-A04FDD24E3BF}"
EndProject
Project("{2150E333-8FDC-42A3-9474-1A3956D46DE8}") = "Task 5", "Task 5", "{B74EA21C-CB13-4521-9DE2-2B09DCE627B3}"
EndProject
Project("{FAE04EC0-301F-11D3-BF4B-00C04F79EFBC}") = "Tyuiu.MakarovAY.Sprint0.Task6.V0", "Tyuiu.MakarovAY.Sprint0.Task6.V0\Tyuiu.MakarovAY.Sprint0.Task6.V0.csproj", "{E49D16E6-D00F-41A9-993F-C813458BC550}"
EndProject
Project("{FAE04EC0-301F-11D3-BF4B-00C04F79EFBC}") = "Tyuiu.MakarovAY.Sprint0.Task6.V0.Lib", "Tyuiu.MakarovAY.Sprint0.Task6.V0.Lib\Tyuiu.MakarovAY.Sprint0.Task6.V0.Lib.csproj", "{7EA00B6A-AB23-4984-A4E5-CCEC7E6246E9}"
EndProject
Project("{FAE04EC0-301F-11D3-BF4B-00C04F79EFBC}") = "Tyuiu.MakarovAY.Sprint0.Task6.V0.Test", "Tyuiu.MakarovAY.Sprint0.Task6.V0.Test\Tyuiu.MakarovAY.Sprint0.Task6.V0.Test.csproj", "{D0B981AE-DCD9-41EC-86E9-BA2F9F3F58C2}"
EndProject
Global
	GlobalSection(SolutionConfigurationPlatforms) = preSolution
		Debug|Any CPU = Debug|Any CPU
		Release|Any CPU = Release|Any CPU
	EndGlobalSection
	GlobalSection(ProjectConfigurationPlatforms) = postSolution
		{7E544743-5BA9-43F9-A2C6-CEADB7DCF983}.Debug|Any CPU.ActiveCfg = Debug|Any CPU
		{7E544743-5BA9-43F9-A2C6-CEADB7DCF983}.Debug|Any CPU.Build.0 = Debug|Any CPU
		{7E544743-5BA9-43F9-A2C6-CEADB7DCF983}.Release|Any CPU.ActiveCfg = Release|Any CPU
		{7E544743-5BA9-43F9-A2C6-CEADB7DCF983}.Release|Any CPU.Build.0 = Release|Any CPU
		{5F137DBF-6545-4DDF-BE59-B96E63C3FA22}.Debug|Any CPU.ActiveCfg = Debug|Any CPU
		{5F137DBF-6545-4DDF-BE59-B96E63C3FA22}.Debug|Any CPU.Build.0 = Debug|Any CPU
		{5F137DBF-6545-4DDF-BE59-B96E63C3FA22}.Release|Any CPU.ActiveCfg = Release|Any CPU
		{5F137DBF-6545-4DDF-BE59-B96E63C3FA22}.Release|Any CPU.Build.0 = Release|Any CPU
		{65F54762-168E-46F8-999D-FC4E5C747ADE}.Debug|Any CPU.ActiveCfg = Debug|Any CPU
		{65F54762-168E-46F8-999D-FC4E5C747ADE}.Debug|Any CPU.Build.0 = Debug|Any CPU
		{65F54762-168E-46F8-999D-FC4E5C747ADE}.Release|Any CPU.ActiveCfg = Release|Any CPU
		{65F54762-168E-46F8-999D-FC4E5C747ADE}.Release|Any CPU.Build.0 = Release|Any CPU
		{594BCF3D-3CA3-4C1A-B371-C2B3C10E465A}.Debug|Any CPU.ActiveCfg = Debug|Any CPU
		{594BCF3D-3CA3-4C1A-B371-C2B3C10E465A}.Debug|Any CPU.Build.0 = Debug|Any CPU
		{594BCF3D-3CA3-4C1A-B371-C2B3C10E465A}.Release|Any CPU.ActiveCfg = Release|Any CPU
		{594BCF3D-3CA3-4C1A-B371-C2B3C10E465A}.Release|Any CPU.Build.0 = Release|Any CPU
		{08295E60-A7EE-4AE3-AC9B-CEE52972C3DC}.Debug|Any CPU.ActiveCfg = Debug|Any CPU
		{08295E60-A7EE-4AE3-AC9B-CEE52972C3DC}.Debug|Any CPU.Build.0 = Debug|Any CPU
		{08295E60-A7EE-4AE3-AC9B-CEE52972C3DC}.Release|Any CPU.ActiveCfg = Release|Any CPU
		{08295E60-A7EE-4AE3-AC9B-CEE52972C3DC}.Release|Any CPU.Build.0 = Release|Any CPU
		{C23170A8-B6C5-4092-9782-E0E5FA420FAC}.Debug|Any CPU.ActiveCfg = Debug|Any CPU
		{C23170A8-B6C5-4092-9782-E0E5FA420FAC}.Debug|Any CPU.Build.0 = Debug|Any CPU
		{C23170A8-B6C5-4092-9782-E0E5FA420FAC}.Release|Any CPU.ActiveCfg = Release|Any CPU
		{C23170A8-B6C5-4092-9782-E0E5FA420FAC}.Release|Any CPU.Build.0 = Release|Any CPU
		{F0FE01DF-C7BF-49A8-966C-79629809753A}.Debug|Any CPU.ActiveCfg = Debug|Any CPU
		{F0FE01DF-C7BF-49A8-966C-79629809753A}.Debug|Any CPU.Build.0 = Debug|Any CPU
		{F0FE01DF-C7BF-49A8-966C-79629809753A}.Release|Any CPU.ActiveCfg = Release|Any CPU
		{F0FE01DF-C7BF-49A8-966C-79629809753A}.Release|Any CPU.Build.0 = Release|Any CPU
		{74CB4B4E-2558-4ADA-9602-ADF29212E398}.Debug|Any CPU.ActiveCfg = Debug|Any CPU
		{74CB4B4E-2558-4ADA-9602-ADF29212E398}.Debug|Any CPU.Build.0 = Debug|Any CPU
		{74CB4B4E-2558-4ADA-9602-ADF29212E398}.Release|Any CPU.ActiveCfg = Release|Any CPU
		{74CB4B4E-2558-4ADA-9602-ADF29212E398}.Release|Any CPU.Build.0 = Release|Any CPU
		{892754CE-FC69-47C6-A31B-35A90BAC4B11}.Debug|Any CPU.ActiveCfg = Debug|Any CPU
		{892754CE-FC69-47C6-A31B-35A90BAC4B11}.Debug|Any CPU.Build.0 = Debug|Any CPU
		{892754CE-FC69-47C6-A31B-35A90BAC4B11}.Release|Any CPU.ActiveCfg = Release|Any CPU
		{892754CE-FC69-47C6-A31B-35A90BAC4B11}.Release|Any CPU.Build.0 = Release|Any CPU
		{448CDDEC-DD71-4AC5-9964-EE22A4D0304A}.Debug|Any CPU.ActiveCfg = Debug|Any CPU
		{448CDDEC-DD71-4AC5-9964-EE22A4D0304A}.Debug|Any CPU.Build.0 = Debug|Any CPU
		{448CDDEC-DD71-4AC5-9964-EE22A4D0304A}.Release|Any CPU.ActiveCfg = Release|Any CPU
		{448CDDEC-DD71-4AC5-9964-EE22A4D0304A}.Release|Any CPU.Build.0 = Release|Any CPU
		{B1584036-C81F-40D7-A230-74FBCACD9107}.Debug|Any CPU.ActiveCfg = Debug|Any CPU
		{B1584036-C81F-40D7-A230-74FBCACD9107}.Debug|Any CPU.Build.0 = Debug|Any CPU
		{B1584036-C81F-40D7-A230-74FBCACD9107}.Release|Any CPU.ActiveCfg = Release|Any CPU
		{B1584036-C81F-40D7-A230-74FBCACD9107}.Release|Any CPU.Build.0 = Release|Any CPU
		{0FCA8D7B-66B0-4B1A-97FC-707A9A95B1BD}.Debug|Any CPU.ActiveCfg = Debug|Any CPU
		{0FCA8D7B-66B0-4B1A-97FC-707A9A95B1BD}.Debug|Any CPU.Build.0 = Debug|Any CPU
		{0FCA8D7B-66B0-4B1A-97FC-707A9A95B1BD}.Release|Any CPU.ActiveCfg = Release|Any CPU
		{0FCA8D7B-66B0-4B1A-97FC-707A9A95B1BD}.Release|Any CPU.Build.0 = Release|Any CPU
		{A392CAAE-25AA-40B3-8221-0BA0E30B2E90}.Debug|Any CPU.ActiveCfg = Debug|Any CPU
		{A392CAAE-25AA-40B3-8221-0BA0E30B2E90}.Debug|Any CPU.Build.0 = Debug|Any CPU
		{A392CAAE-25AA-40B3-8221-0BA0E30B2E90}.Release|Any CPU.ActiveCfg = Release|Any CPU
		{A392CAAE-25AA-40B3-8221-0BA0E30B2E90}.Release|Any CPU.Build.0 = Release|Any CPU
		{EDA95D69-5749-4141-A11C-A04FDD24E3BF}.Debug|Any CPU.ActiveCfg = Debug|Any CPU
		{EDA95D69-5749-4141-A11C-A04FDD24E3BF}.Debug|Any CPU.Build.0 = Debug|Any CPU
		{EDA95D69-5749-4141-A11C-A04FDD24E3BF}.Release|Any CPU.ActiveCfg = Release|Any CPU
		{EDA95D69-5749-4141-A11C-A04FDD24E3BF}.Release|Any CPU.Build.0 = Release|Any CPU
		{E49D16E6-D00F-41A9-993F-C813458BC550}.Debug|Any CPU.ActiveCfg = Debug|Any CPU
		{E49D16E6-D00F-41A9-993F-C813458BC550}.Debug|Any CPU.Build.0 = Debug|Any CPU
		{E49D16E6-D00F-41A9-993F-C813458BC550}.Release|Any CPU.ActiveCfg = Release|Any CPU
		{E49D16E6-D00F-41A9-993F-C813458BC550}.Release|Any CPU.Build.0 = Release|Any CPU
		{7EA00B6A-AB23-4984-A4E5-CCEC7E6246E9}.Debug|Any CPU.ActiveCfg = Debug|Any CPU
		{7EA00B6A-AB23-4984-A4E5-CCEC7E6246E9}.Debug|Any CPU.Build.0 = Debug|Any CPU
		{7EA00B6A-AB23-4984-A4E5-CCEC7E6246E9}.Release|Any CPU.ActiveCfg = Release|Any CPU
		{7EA00B6A-AB23-4984-A4E5-CCEC7E6246E9}.Release|Any CPU.Build.0 = Release|Any CPU
		{D0B981AE-DCD9-41EC-86E9-BA2F9F3F58C2}.Debug|Any CPU.ActiveCfg = Debug|Any CPU
		{D0B981AE-DCD9-41EC-86E9-BA2F9F3F58C2}.Debug|Any CPU.Build.0 = Debug|Any CPU
		{D0B981AE-DCD9-41EC-86E9-BA2F9F3F58C2}.Release|Any CPU.ActiveCfg = Release|Any CPU
		{D0B981AE-DCD9-41EC-86E9-BA2F9F3F58C2}.Release|Any CPU.Build.0 = Release|Any CPU
	EndGlobalSection
	GlobalSection(SolutionProperties) = preSolution
		HideSolutionNode = FALSE
	EndGlobalSection
	GlobalSection(NestedProjects) = preSolution
		{7E544743-5BA9-43F9-A2C6-CEADB7DCF983} = {02EA681E-C7D8-13C7-8484-4AC65E1B71E8}
		{5F137DBF-6545-4DDF-BE59-B96E63C3FA22} = {C06E1326-8DA5-4CBB-AA77-B628DDEF0DF3}
		{65F54762-168E-46F8-999D-FC4E5C747ADE} = {7718B190-671A-46B2-B6C3-8D63E4F824B7}
		{594BCF3D-3CA3-4C1A-B371-C2B3C10E465A} = {7718B190-671A-46B2-B6C3-8D63E4F824B7}
		{08295E60-A7EE-4AE3-AC9B-CEE52972C3DC} = {7718B190-671A-46B2-B6C3-8D63E4F824B7}
		{C23170A8-B6C5-4092-9782-E0E5FA420FAC} = {A4C27D90-C8FC-4795-8A0F-E0AE4EF29FC1}
		{F0FE01DF-C7BF-49A8-966C-79629809753A} = {A4C27D90-C8FC-4795-8A0F-E0AE4EF29FC1}
		{74CB4B4E-2558-4ADA-9602-ADF29212E398} = {A4C27D90-C8FC-4795-8A0F-E0AE4EF29FC1}
		{892754CE-FC69-47C6-A31B-35A90BAC4B11} = {78144FBD-3A41-4939-A26F-3574BC3CAA4C}
		{448CDDEC-DD71-4AC5-9964-EE22A4D0304A} = {78144FBD-3A41-4939-A26F-3574BC3CAA4C}
		{B1584036-C81F-40D7-A230-74FBCACD9107} = {78144FBD-3A41-4939-A26F-3574BC3CAA4C}
		{0FCA8D7B-66B0-4B1A-97FC-707A9A95B1BD} = {E864DFDA-0502-4A32-8029-C9B272BFFFD2}
		{A392CAAE-25AA-40B3-8221-0BA0E30B2E90} = {E864DFDA-0502-4A32-8029-C9B272BFFFD2}
		{EDA95D69-5749-4141-A11C-A04FDD24E3BF} = {E864DFDA-0502-4A32-8029-C9B272BFFFD2}
		{E49D16E6-D00F-41A9-993F-C813458BC550} = {B74EA21C-CB13-4521-9DE2-2B09DCE627B3}
		{7EA00B6A-AB23-4984-A4E5-CCEC7E6246E9} = {B74EA21C-CB13-4521-9DE2-2B09DCE627B3}
		{D0B981AE-DCD9-41EC-86E9-BA2F9F3F58C2} = {B74EA21C-CB13-4521-9DE2-2B09DCE627B3}
	EndGlobalSection
	GlobalSection(ExtensibilityGlobals) = postSolution
		SolutionGuid = {FF4847B7-641B-4619-AD54-6BC64CF18248}
	EndGlobalSection
EndGlobal
